
Microsoft Visual Studio Solution File, Format Version 12.00
# Visual Studio Version 17
VisualStudioVersion = 17.8.34330.188
MinimumVisualStudioVersion = 10.0.40219.1
Project("{FAE04EC0-301F-11D3-BF4B-00C04F79EFBC}") = "FileApi", "FileApi\FileApi.csproj", "{48F3D4C2-54F7-421F-9FE7-DD6A35D127F3}"
EndProject
Project("{FAE04EC0-301F-11D3-BF4B-00C04F79EFBC}") = "ClientApp", "ClientApp\ClientApp.csproj", "{7B7EBFAF-D204-47AF-88EB-B8A8C4ED79F4}"
EndProject
Global
	GlobalSection(SolutionConfigurationPlatforms) = preSolution
		Debug|Any CPU = Debug|Any CPU
		Release|Any CPU = Release|Any CPU
	EndGlobalSection
	GlobalSection(ProjectConfigurationPlatforms) = postSolution
		{48F3D4C2-54F7-421F-9FE7-DD6A35D127F3}.Debug|Any CPU.ActiveCfg = Debug|Any CPU
		{48F3D4C2-54F7-421F-9FE7-DD6A35D127F3}.Debug|Any CPU.Build.0 = Debug|Any CPU
		{48F3D4C2-54F7-421F-9FE7-DD6A35D127F3}.Release|Any CPU.ActiveCfg = Release|Any CPU
		{48F3D4C2-54F7-421F-9FE7-DD6A35D127F3}.Release|Any CPU.Build.0 = Release|Any CPU
		{7B7EBFAF-D204-47AF-88EB-B8A8C4ED79F4}.Debug|Any CPU.ActiveCfg = Debug|Any CPU
		{7B7EBFAF-D204-47AF-88EB-B8A8C4ED79F4}.Debug|Any CPU.Build.0 = Debug|Any CPU
		{7B7EBFAF-D204-47AF-88EB-B8A8C4ED79F4}.Release|Any CPU.ActiveCfg = Release|Any CPU
		{7B7EBFAF-D204-47AF-88EB-B8A8C4ED79F4}.Release|Any CPU.Build.0 = Release|Any CPU
	EndGlobalSection
	GlobalSection(SolutionProperties) = preSolution
		HideSolutionNode = FALSE
	EndGlobalSection
	GlobalSection(ExtensibilityGlobals) = postSolution
		SolutionGuid = {20767AB4-03DC-4132-ACB9-3B8B412AA0E7}
	EndGlobalSection
EndGlobal
