
Microsoft Visual Studio Solution File, Format Version 12.00
# Visual Studio Version 17
VisualStudioVersion = 17.8.34330.188
MinimumVisualStudioVersion = 10.0.40219.1
Project("{FAE04EC0-301F-11D3-BF4B-00C04F79EFBC}") = "EfStudies", "EfStudies\EfStudies.csproj", "{2F7B9A08-EB95-45B2-AA7F-EAE4B0AE4ADF}"
EndProject
Global
	GlobalSection(SolutionConfigurationPlatforms) = preSolution
		Debug|Any CPU = Debug|Any CPU
		Release|Any CPU = Release|Any CPU
	EndGlobalSection
	GlobalSection(ProjectConfigurationPlatforms) = postSolution
		{2F7B9A08-EB95-45B2-AA7F-EAE4B0AE4ADF}.Debug|Any CPU.ActiveCfg = Debug|Any CPU
		{2F7B9A08-EB95-45B2-AA7F-EAE4B0AE4ADF}.Debug|Any CPU.Build.0 = Debug|Any CPU
		{2F7B9A08-EB95-45B2-AA7F-EAE4B0AE4ADF}.Release|Any CPU.ActiveCfg = Release|Any CPU
		{2F7B9A08-EB95-45B2-AA7F-EAE4B0AE4ADF}.Release|Any CPU.Build.0 = Release|Any CPU
	EndGlobalSection
	GlobalSection(SolutionProperties) = preSolution
		HideSolutionNode = FALSE
	EndGlobalSection
	GlobalSection(ExtensibilityGlobals) = postSolution
		SolutionGuid = {EE66B2FF-9374-4BAE-870F-25B4E955E95F}
	EndGlobalSection
EndGlobal
